
Microsoft Visual Studio Solution File, Format Version 12.00
# Visual Studio Version 17
VisualStudioVersion = 17.0.31903.59
MinimumVisualStudioVersion = 10.0.40219.1
Project("{2150E333-8FDC-42A3-9474-1A3956D46DE8}") = "core", "core", "{FBF56CC3-7AE6-AD2D-3F14-7F97FD322CD6}"
EndProject
Project("{2150E333-8FDC-42A3-9474-1A3956D46DE8}") = "index", "index", "{8BA7970A-4925-FC47-9DCD-1138F80B1DB4}"
EndProject
Project("{2150E333-8FDC-42A3-9474-1A3956D46DE8}") = "csharp", "csharp", "{38368DDE-90EC-CDAB-0C8B-44D9197FFCDF}"
EndProject
Project("{FAE04EC0-301F-11D3-BF4B-00C04F79EFBC}") = "SpecAnchor.Index.CSharp", "core\index\csharp\SpecAnchor.Index.CSharp\SpecAnchor.Index.CSharp.csproj", "{1E7138FC-24B2-4495-97CE-C8C4F4E1D0FC}"
EndProject
Project("{2150E333-8FDC-42A3-9474-1A3956D46DE8}") = "tests", "tests", "{0AB3BF05-4346-4AA6-1389-037BE0695223}"
EndProject
Project("{FAE04EC0-301F-11D3-BF4B-00C04F79EFBC}") = "SpecAnchor.Index.CSharp.Tests", "tests\SpecAnchor.Index.CSharp.Tests\SpecAnchor.Index.CSharp.Tests.csproj", "{F494BB15-16AD-404F-AD0C-F126D7AFD749}"
EndProject
Project("{2150E333-8FDC-42A3-9474-1A3956D46DE8}") = "sql", "sql", "{19B12D86-F1C2-F5A5-CA60-B04D7033524C}"
EndProject
Project("{FAE04EC0-301F-11D3-BF4B-00C04F79EFBC}") = "SpecAnchor.Index.Sql", "core\index\sql\SpecAnchor.Index.Sql\SpecAnchor.Index.Sql.csproj", "{F5D69921-199F-4327-A3B0-EBD548116023}"
EndProject
Project("{FAE04EC0-301F-11D3-BF4B-00C04F79EFBC}") = "SpecAnchor.Index.Sql.Tests", "tests\SpecAnchor.Index.Sql.Tests\SpecAnchor.Index.Sql.Tests.csproj", "{810D63C3-747C-49F6-AE23-8E20E1E8B301}"
EndProject
Project("{2150E333-8FDC-42A3-9474-1A3956D46DE8}") = "matrix", "matrix", "{48627A7F-D3B6-CADE-ED2C-B6F6CAD8F663}"
EndProject
Project("{FAE04EC0-301F-11D3-BF4B-00C04F79EFBC}") = "SpecAnchor.Index.Matrix", "core\index\matrix\SpecAnchor.Index.Matrix\SpecAnchor.Index.Matrix.csproj", "{694B6554-E69C-48C3-97F4-CB7E12AC2990}"
EndProject
Project("{FAE04EC0-301F-11D3-BF4B-00C04F79EFBC}") = "SpecAnchor.Index.Matrix.Tests", "tests\SpecAnchor.Index.Matrix.Tests\SpecAnchor.Index.Matrix.Tests.csproj", "{8C261DBF-A79F-404D-8A4C-6E57751AE2D2}"
EndProject
Project("{2150E333-8FDC-42A3-9474-1A3956D46DE8}") = "artefacts", "artefacts", "{00FEA878-A723-AD25-309E-FBED560469D4}"
EndProject
Project("{FAE04EC0-301F-11D3-BF4B-00C04F79EFBC}") = "SpecAnchor.Artefacts", "core\artefacts\SpecAnchor.Artefacts\SpecAnchor.Artefacts.csproj", "{9A446638-0A5F-4194-9876-0CE58E5789EF}"
EndProject
Project("{FAE04EC0-301F-11D3-BF4B-00C04F79EFBC}") = "SpecAnchor.Artefacts.Tests", "tests\SpecAnchor.Artefacts.Tests\SpecAnchor.Artefacts.Tests.csproj", "{50672A5D-0C63-4BF3-9077-6DB1DCAEBD2D}"
EndProject
Project("{2150E333-8FDC-42A3-9474-1A3956D46DE8}") = "parity", "parity", "{0A065DDD-0294-698C-5FB0-BA5F41BBB394}"
EndProject
Project("{FAE04EC0-301F-11D3-BF4B-00C04F79EFBC}") = "SpecAnchor.Parity", "core\parity\SpecAnchor.Parity\SpecAnchor.Parity.csproj", "{B9051A03-2691-48E8-8F72-7CB997C6C92B}"
EndProject
Project("{FAE04EC0-301F-11D3-BF4B-00C04F79EFBC}") = "SpecAnchor.Parity.Tests", "tests\SpecAnchor.Parity.Tests\SpecAnchor.Parity.Tests.csproj", "{54713D25-749C-42F1-9489-D48BD3822AC5}"
EndProject
Project("{2150E333-8FDC-42A3-9474-1A3956D46DE8}") = "gates", "gates", "{54827F1A-54BC-54A6-88FB-17B974C7A0DB}"
EndProject
Project("{FAE04EC0-301F-11D3-BF4B-00C04F79EFBC}") = "SpecAnchor.Gates", "core\gates\SpecAnchor.Gates\SpecAnchor.Gates.csproj", "{6CC95F3A-44AB-455E-A52B-B5BE0677B984}"
EndProject
Project("{FAE04EC0-301F-11D3-BF4B-00C04F79EFBC}") = "SpecAnchor.Gates.Tests", "tests\SpecAnchor.Gates.Tests\SpecAnchor.Gates.Tests.csproj", "{FE33A545-DCA2-4578-B087-7961F426B993}"
EndProject
Project("{2150E333-8FDC-42A3-9474-1A3956D46DE8}") = "cli", "cli", "{489560D4-A3EB-A88C-0E53-91C0634720BA}"
EndProject
Project("{FAE04EC0-301F-11D3-BF4B-00C04F79EFBC}") = "SpecAnchor.Cli", "core\cli\SpecAnchor.Cli\SpecAnchor.Cli.csproj", "{BAA6CBA3-C7C0-4BC3-82A8-2B9AF5D0CEC6}"
EndProject
Project("{FAE04EC0-301F-11D3-BF4B-00C04F79EFBC}") = "SpecAnchor.Cli.Tests", "tests\SpecAnchor.Cli.Tests\SpecAnchor.Cli.Tests.csproj", "{37E37FF4-1F58-48C8-BB74-98E4F088A0BD}"
EndProject
Global
	GlobalSection(SolutionConfigurationPlatforms) = preSolution
		Debug|Any CPU = Debug|Any CPU
		Debug|x64 = Debug|x64
		Debug|x86 = Debug|x86
		Release|Any CPU = Release|Any CPU
		Release|x64 = Release|x64
		Release|x86 = Release|x86
	EndGlobalSection
	GlobalSection(ProjectConfigurationPlatforms) = postSolution
		{1E7138FC-24B2-4495-97CE-C8C4F4E1D0FC}.Debug|Any CPU.ActiveCfg = Debug|Any CPU
		{1E7138FC-24B2-4495-97CE-C8C4F4E1D0FC}.Debug|Any CPU.Build.0 = Debug|Any CPU
		{1E7138FC-24B2-4495-97CE-C8C4F4E1D0FC}.Debug|x64.ActiveCfg = Debug|Any CPU
		{1E7138FC-24B2-4495-97CE-C8C4F4E1D0FC}.Debug|x64.Build.0 = Debug|Any CPU
		{1E7138FC-24B2-4495-97CE-C8C4F4E1D0FC}.Debug|x86.ActiveCfg = Debug|Any CPU
		{1E7138FC-24B2-4495-97CE-C8C4F4E1D0FC}.Debug|x86.Build.0 = Debug|Any CPU
		{1E7138FC-24B2-4495-97CE-C8C4F4E1D0FC}.Release|Any CPU.ActiveCfg = Release|Any CPU
		{1E7138FC-24B2-4495-97CE-C8C4F4E1D0FC}.Release|Any CPU.Build.0 = Release|Any CPU
		{1E7138FC-24B2-4495-97CE-C8C4F4E1D0FC}.Release|x64.ActiveCfg = Release|Any CPU
		{1E7138FC-24B2-4495-97CE-C8C4F4E1D0FC}.Release|x64.Build.0 = Release|Any CPU
		{1E7138FC-24B2-4495-97CE-C8C4F4E1D0FC}.Release|x86.ActiveCfg = Release|Any CPU
		{1E7138FC-24B2-4495-97CE-C8C4F4E1D0FC}.Release|x86.Build.0 = Release|Any CPU
		{F494BB15-16AD-404F-AD0C-F126D7AFD749}.Debug|Any CPU.ActiveCfg = Debug|Any CPU
		{F494BB15-16AD-404F-AD0C-F126D7AFD749}.Debug|Any CPU.Build.0 = Debug|Any CPU
		{F494BB15-16AD-404F-AD0C-F126D7AFD749}.Debug|x64.ActiveCfg = Debug|Any CPU
		{F494BB15-16AD-404F-AD0C-F126D7AFD749}.Debug|x64.Build.0 = Debug|Any CPU
		{F494BB15-16AD-404F-AD0C-F126D7AFD749}.Debug|x86.ActiveCfg = Debug|Any CPU
		{F494BB15-16AD-404F-AD0C-F126D7AFD749}.Debug|x86.Build.0 = Debug|Any CPU
		{F494BB15-16AD-404F-AD0C-F126D7AFD749}.Release|Any CPU.ActiveCfg = Release|Any CPU
		{F494BB15-16AD-404F-AD0C-F126D7AFD749}.Release|Any CPU.Build.0 = Release|Any CPU
		{F494BB15-16AD-404F-AD0C-F126D7AFD749}.Release|x64.ActiveCfg = Release|Any CPU
		{F494BB15-16AD-404F-AD0C-F126D7AFD749}.Release|x64.Build.0 = Release|Any CPU
		{F494BB15-16AD-404F-AD0C-F126D7AFD749}.Release|x86.ActiveCfg = Release|Any CPU
		{F494BB15-16AD-404F-AD0C-F126D7AFD749}.Release|x86.Build.0 = Release|Any CPU
		{F5D69921-199F-4327-A3B0-EBD548116023}.Debug|Any CPU.ActiveCfg = Debug|Any CPU
		{F5D69921-199F-4327-A3B0-EBD548116023}.Debug|Any CPU.Build.0 = Debug|Any CPU
		{F5D69921-199F-4327-A3B0-EBD548116023}.Debug|x64.ActiveCfg = Debug|Any CPU
		{F5D69921-199F-4327-A3B0-EBD548116023}.Debug|x64.Build.0 = Debug|Any CPU
		{F5D69921-199F-4327-A3B0-EBD548116023}.Debug|x86.ActiveCfg = Debug|Any CPU
		{F5D69921-199F-4327-A3B0-EBD548116023}.Debug|x86.Build.0 = Debug|Any CPU
		{F5D69921-199F-4327-A3B0-EBD548116023}.Release|Any CPU.ActiveCfg = Release|Any CPU
		{F5D69921-199F-4327-A3B0-EBD548116023}.Release|Any CPU.Build.0 = Release|Any CPU
		{F5D69921-199F-4327-A3B0-EBD548116023}.Release|x64.ActiveCfg = Release|Any CPU
		{F5D69921-199F-4327-A3B0-EBD548116023}.Release|x64.Build.0 = Release|Any CPU
		{F5D69921-199F-4327-A3B0-EBD548116023}.Release|x86.ActiveCfg = Release|Any CPU
		{F5D69921-199F-4327-A3B0-EBD548116023}.Release|x86.Build.0 = Release|Any CPU
		{810D63C3-747C-49F6-AE23-8E20E1E8B301}.Debug|Any CPU.ActiveCfg = Debug|Any CPU
		{810D63C3-747C-49F6-AE23-8E20E1E8B301}.Debug|Any CPU.Build.0 = Debug|Any CPU
		{810D63C3-747C-49F6-AE23-8E20E1E8B301}.Debug|x64.ActiveCfg = Debug|Any CPU
		{810D63C3-747C-49F6-AE23-8E20E1E8B301}.Debug|x64.Build.0 = Debug|Any CPU
		{810D63C3-747C-49F6-AE23-8E20E1E8B301}.Debug|x86.ActiveCfg = Debug|Any CPU
		{810D63C3-747C-49F6-AE23-8E20E1E8B301}.Debug|x86.Build.0 = Debug|Any CPU
		{810D63C3-747C-49F6-AE23-8E20E1E8B301}.Release|Any CPU.ActiveCfg = Release|Any CPU
		{810D63C3-747C-49F6-AE23-8E20E1E8B301}.Release|Any CPU.Build.0 = Release|Any CPU
		{810D63C3-747C-49F6-AE23-8E20E1E8B301}.Release|x64.ActiveCfg = Release|Any CPU
		{810D63C3-747C-49F6-AE23-8E20E1E8B301}.Release|x64.Build.0 = Release|Any CPU
		{810D63C3-747C-49F6-AE23-8E20E1E8B301}.Release|x86.ActiveCfg = Release|Any CPU
		{810D63C3-747C-49F6-AE23-8E20E1E8B301}.Release|x86.Build.0 = Release|Any CPU
		{694B6554-E69C-48C3-97F4-CB7E12AC2990}.Debug|Any CPU.ActiveCfg = Debug|Any CPU
		{694B6554-E69C-48C3-97F4-CB7E12AC2990}.Debug|Any CPU.Build.0 = Debug|Any CPU
		{694B6554-E69C-48C3-97F4-CB7E12AC2990}.Debug|x64.ActiveCfg = Debug|Any CPU
		{694B6554-E69C-48C3-97F4-CB7E12AC2990}.Debug|x64.Build.0 = Debug|Any CPU
		{694B6554-E69C-48C3-97F4-CB7E12AC2990}.Debug|x86.ActiveCfg = Debug|Any CPU
		{694B6554-E69C-48C3-97F4-CB7E12AC2990}.Debug|x86.Build.0 = Debug|Any CPU
		{694B6554-E69C-48C3-97F4-CB7E12AC2990}.Release|Any CPU.ActiveCfg = Release|Any CPU
		{694B6554-E69C-48C3-97F4-CB7E12AC2990}.Release|Any CPU.Build.0 = Release|Any CPU
		{694B6554-E69C-48C3-97F4-CB7E12AC2990}.Release|x64.ActiveCfg = Release|Any CPU
		{694B6554-E69C-48C3-97F4-CB7E12AC2990}.Release|x64.Build.0 = Release|Any CPU
		{694B6554-E69C-48C3-97F4-CB7E12AC2990}.Release|x86.ActiveCfg = Release|Any CPU
		{694B6554-E69C-48C3-97F4-CB7E12AC2990}.Release|x86.Build.0 = Release|Any CPU
		{8C261DBF-A79F-404D-8A4C-6E57751AE2D2}.Debug|Any CPU.ActiveCfg = Debug|Any CPU
		{8C261DBF-A79F-404D-8A4C-6E57751AE2D2}.Debug|Any CPU.Build.0 = Debug|Any CPU
		{8C261DBF-A79F-404D-8A4C-6E57751AE2D2}.Debug|x64.ActiveCfg = Debug|Any CPU
		{8C261DBF-A79F-404D-8A4C-6E57751AE2D2}.Debug|x64.Build.0 = Debug|Any CPU
		{8C261DBF-A79F-404D-8A4C-6E57751AE2D2}.Debug|x86.ActiveCfg = Debug|Any CPU
		{8C261DBF-A79F-404D-8A4C-6E57751AE2D2}.Debug|x86.Build.0 = Debug|Any CPU
		{8C261DBF-A79F-404D-8A4C-6E57751AE2D2}.Release|Any CPU.ActiveCfg = Release|Any CPU
		{8C261DBF-A79F-404D-8A4C-6E57751AE2D2}.Release|Any CPU.Build.0 = Release|Any CPU
		{8C261DBF-A79F-404D-8A4C-6E57751AE2D2}.Release|x64.ActiveCfg = Release|Any CPU
		{8C261DBF-A79F-404D-8A4C-6E57751AE2D2}.Release|x64.Build.0 = Release|Any CPU
		{8C261DBF-A79F-404D-8A4C-6E57751AE2D2}.Release|x86.ActiveCfg = Release|Any CPU
		{8C261DBF-A79F-404D-8A4C-6E57751AE2D2}.Release|x86.Build.0 = Release|Any CPU
		{9A446638-0A5F-4194-9876-0CE58E5789EF}.Debug|Any CPU.ActiveCfg = Debug|Any CPU
		{9A446638-0A5F-4194-9876-0CE58E5789EF}.Debug|Any CPU.Build.0 = Debug|Any CPU
		{9A446638-0A5F-4194-9876-0CE58E5789EF}.Debug|x64.ActiveCfg = Debug|Any CPU
		{9A446638-0A5F-4194-9876-0CE58E5789EF}.Debug|x64.Build.0 = Debug|Any CPU
		{9A446638-0A5F-4194-9876-0CE58E5789EF}.Debug|x86.ActiveCfg = Debug|Any CPU
		{9A446638-0A5F-4194-9876-0CE58E5789EF}.Debug|x86.Build.0 = Debug|Any CPU
		{9A446638-0A5F-4194-9876-0CE58E5789EF}.Release|Any CPU.ActiveCfg = Release|Any CPU
		{9A446638-0A5F-4194-9876-0CE58E5789EF}.Release|Any CPU.Build.0 = Release|Any CPU
		{9A446638-0A5F-4194-9876-0CE58E5789EF}.Release|x64.ActiveCfg = Release|Any CPU
		{9A446638-0A5F-4194-9876-0CE58E5789EF}.Release|x64.Build.0 = Release|Any CPU
		{9A446638-0A5F-4194-9876-0CE58E5789EF}.Release|x86.ActiveCfg = Release|Any CPU
		{9A446638-0A5F-4194-9876-0CE58E5789EF}.Release|x86.Build.0 = Release|Any CPU
		{50672A5D-0C63-4BF3-9077-6DB1DCAEBD2D}.Debug|Any CPU.ActiveCfg = Debug|Any CPU
		{50672A5D-0C63-4BF3-9077-6DB1DCAEBD2D}.Debug|Any CPU.Build.0 = Debug|Any CPU
		{50672A5D-0C63-4BF3-9077-6DB1DCAEBD2D}.Debug|x64.ActiveCfg = Debug|Any CPU
		{50672A5D-0C63-4BF3-9077-6DB1DCAEBD2D}.Debug|x64.Build.0 = Debug|Any CPU
		{50672A5D-0C63-4BF3-9077-6DB1DCAEBD2D}.Debug|x86.ActiveCfg = Debug|Any CPU
		{50672A5D-0C63-4BF3-9077-6DB1DCAEBD2D}.Debug|x86.Build.0 = Debug|Any CPU
		{50672A5D-0C63-4BF3-9077-6DB1DCAEBD2D}.Release|Any CPU.ActiveCfg = Release|Any CPU
		{50672A5D-0C63-4BF3-9077-6DB1DCAEBD2D}.Release|Any CPU.Build.0 = Release|Any CPU
		{50672A5D-0C63-4BF3-9077-6DB1DCAEBD2D}.Release|x64.ActiveCfg = Release|Any CPU
		{50672A5D-0C63-4BF3-9077-6DB1DCAEBD2D}.Release|x64.Build.0 = Release|Any CPU
		{50672A5D-0C63-4BF3-9077-6DB1DCAEBD2D}.Release|x86.ActiveCfg = Release|Any CPU
		{50672A5D-0C63-4BF3-9077-6DB1DCAEBD2D}.Release|x86.Build.0 = Release|Any CPU
		{B9051A03-2691-48E8-8F72-7CB997C6C92B}.Debug|Any CPU.ActiveCfg = Debug|Any CPU
		{B9051A03-2691-48E8-8F72-7CB997C6C92B}.Debug|Any CPU.Build.0 = Debug|Any CPU
		{B9051A03-2691-48E8-8F72-7CB997C6C92B}.Debug|x64.ActiveCfg = Debug|Any CPU
		{B9051A03-2691-48E8-8F72-7CB997C6C92B}.Debug|x64.Build.0 = Debug|Any CPU
		{B9051A03-2691-48E8-8F72-7CB997C6C92B}.Debug|x86.ActiveCfg = Debug|Any CPU
		{B9051A03-2691-48E8-8F72-7CB997C6C92B}.Debug|x86.Build.0 = Debug|Any CPU
		{B9051A03-2691-48E8-8F72-7CB997C6C92B}.Release|Any CPU.ActiveCfg = Release|Any CPU
		{B9051A03-2691-48E8-8F72-7CB997C6C92B}.Release|Any CPU.Build.0 = Release|Any CPU
		{B9051A03-2691-48E8-8F72-7CB997C6C92B}.Release|x64.ActiveCfg = Release|Any CPU
		{B9051A03-2691-48E8-8F72-7CB997C6C92B}.Release|x64.Build.0 = Release|Any CPU
		{B9051A03-2691-48E8-8F72-7CB997C6C92B}.Release|x86.ActiveCfg = Release|Any CPU
		{B9051A03-2691-48E8-8F72-7CB997C6C92B}.Release|x86.Build.0 = Release|Any CPU
		{54713D25-749C-42F1-9489-D48BD3822AC5}.Debug|Any CPU.ActiveCfg = Debug|Any CPU
		{54713D25-749C-42F1-9489-D48BD3822AC5}.Debug|Any CPU.Build.0 = Debug|Any CPU
		{54713D25-749C-42F1-9489-D48BD3822AC5}.Debug|x64.ActiveCfg = Debug|Any CPU
		{54713D25-749C-42F1-9489-D48BD3822AC5}.Debug|x64.Build.0 = Debug|Any CPU
		{54713D25-749C-42F1-9489-D48BD3822AC5}.Debug|x86.ActiveCfg = Debug|Any CPU
		{54713D25-749C-42F1-9489-D48BD3822AC5}.Debug|x86.Build.0 = Debug|Any CPU
		{54713D25-749C-42F1-9489-D48BD3822AC5}.Release|Any CPU.ActiveCfg = Release|Any CPU
		{54713D25-749C-42F1-9489-D48BD3822AC5}.Release|Any CPU.Build.0 = Release|Any CPU
		{54713D25-749C-42F1-9489-D48BD3822AC5}.Release|x64.ActiveCfg = Release|Any CPU
		{54713D25-749C-42F1-9489-D48BD3822AC5}.Release|x64.Build.0 = Release|Any CPU
		{54713D25-749C-42F1-9489-D48BD3822AC5}.Release|x86.ActiveCfg = Release|Any CPU
		{54713D25-749C-42F1-9489-D48BD3822AC5}.Release|x86.Build.0 = Release|Any CPU
		{6CC95F3A-44AB-455E-A52B-B5BE0677B984}.Debug|Any CPU.ActiveCfg = Debug|Any CPU
		{6CC95F3A-44AB-455E-A52B-B5BE0677B984}.Debug|Any CPU.Build.0 = Debug|Any CPU
		{6CC95F3A-44AB-455E-A52B-B5BE0677B984}.Debug|x64.ActiveCfg = Debug|Any CPU
		{6CC95F3A-44AB-455E-A52B-B5BE0677B984}.Debug|x64.Build.0 = Debug|Any CPU
		{6CC95F3A-44AB-455E-A52B-B5BE0677B984}.Debug|x86.ActiveCfg = Debug|Any CPU
		{6CC95F3A-44AB-455E-A52B-B5BE0677B984}.Debug|x86.Build.0 = Debug|Any CPU
		{6CC95F3A-44AB-455E-A52B-B5BE0677B984}.Release|Any CPU.ActiveCfg = Release|Any CPU
		{6CC95F3A-44AB-455E-A52B-B5BE0677B984}.Release|Any CPU.Build.0 = Release|Any CPU
		{6CC95F3A-44AB-455E-A52B-B5BE0677B984}.Release|x64.ActiveCfg = Release|Any CPU
		{6CC95F3A-44AB-455E-A52B-B5BE0677B984}.Release|x64.Build.0 = Release|Any CPU
		{6CC95F3A-44AB-455E-A52B-B5BE0677B984}.Release|x86.ActiveCfg = Release|Any CPU
		{6CC95F3A-44AB-455E-A52B-B5BE0677B984}.Release|x86.Build.0 = Release|Any CPU
		{FE33A545-DCA2-4578-B087-7961F426B993}.Debug|Any CPU.ActiveCfg = Debug|Any CPU
		{FE33A545-DCA2-4578-B087-7961F426B993}.Debug|Any CPU.Build.0 = Debug|Any CPU
		{FE33A545-DCA2-4578-B087-7961F426B993}.Debug|x64.ActiveCfg = Debug|Any CPU
		{FE33A545-DCA2-4578-B087-7961F426B993}.Debug|x64.Build.0 = Debug|Any CPU
		{FE33A545-DCA2-4578-B087-7961F426B993}.Debug|x86.ActiveCfg = Debug|Any CPU
		{FE33A545-DCA2-4578-B087-7961F426B993}.Debug|x86.Build.0 = Debug|Any CPU
		{FE33A545-DCA2-4578-B087-7961F426B993}.Release|Any CPU.ActiveCfg = Release|Any CPU
		{FE33A545-DCA2-4578-B087-7961F426B993}.Release|Any CPU.Build.0 = Release|Any CPU
		{FE33A545-DCA2-4578-B087-7961F426B993}.Release|x64.ActiveCfg = Release|Any CPU
		{FE33A545-DCA2-4578-B087-7961F426B993}.Release|x64.Build.0 = Release|Any CPU
		{FE33A545-DCA2-4578-B087-7961F426B993}.Release|x86.ActiveCfg = Release|Any CPU
		{FE33A545-DCA2-4578-B087-7961F426B993}.Release|x86.Build.0 = Release|Any CPU
		{BAA6CBA3-C7C0-4BC3-82A8-2B9AF5D0CEC6}.Debug|Any CPU.ActiveCfg = Debug|Any CPU
		{BAA6CBA3-C7C0-4BC3-82A8-2B9AF5D0CEC6}.Debug|Any CPU.Build.0 = Debug|Any CPU
		{BAA6CBA3-C7C0-4BC3-82A8-2B9AF5D0CEC6}.Debug|x64.ActiveCfg = Debug|Any CPU
		{BAA6CBA3-C7C0-4BC3-82A8-2B9AF5D0CEC6}.Debug|x64.Build.0 = Debug|Any CPU
		{BAA6CBA3-C7C0-4BC3-82A8-2B9AF5D0CEC6}.Debug|x86.ActiveCfg = Debug|Any CPU
		{BAA6CBA3-C7C0-4BC3-82A8-2B9AF5D0CEC6}.Debug|x86.Build.0 = Debug|Any CPU
		{BAA6CBA3-C7C0-4BC3-82A8-2B9AF5D0CEC6}.Release|Any CPU.ActiveCfg = Release|Any CPU
		{BAA6CBA3-C7C0-4BC3-82A8-2B9AF5D0CEC6}.Release|Any CPU.Build.0 = Release|Any CPU
		{BAA6CBA3-C7C0-4BC3-82A8-2B9AF5D0CEC6}.Release|x64.ActiveCfg = Release|Any CPU
		{BAA6CBA3-C7C0-4BC3-82A8-2B9AF5D0CEC6}.Release|x64.Build.0 = Release|Any CPU
		{BAA6CBA3-C7C0-4BC3-82A8-2B9AF5D0CEC6}.Release|x86.ActiveCfg = Release|Any CPU
		{BAA6CBA3-C7C0-4BC3-82A8-2B9AF5D0CEC6}.Release|x86.Build.0 = Release|Any CPU
		{37E37FF4-1F58-48C8-BB74-98E4F088A0BD}.Debug|Any CPU.ActiveCfg = Debug|Any CPU
		{37E37FF4-1F58-48C8-BB74-98E4F088A0BD}.Debug|Any CPU.Build.0 = Debug|Any CPU
		{37E37FF4-1F58-48C8-BB74-98E4F088A0BD}.Debug|x64.ActiveCfg = Debug|Any CPU
		{37E37FF4-1F58-48C8-BB74-98E4F088A0BD}.Debug|x64.Build.0 = Debug|Any CPU
		{37E37FF4-1F58-48C8-BB74-98E4F088A0BD}.Debug|x86.ActiveCfg = Debug|Any CPU
		{37E37FF4-1F58-48C8-BB74-98E4F088A0BD}.Debug|x86.Build.0 = Debug|Any CPU
		{37E37FF4-1F58-48C8-BB74-98E4F088A0BD}.Release|Any CPU.ActiveCfg = Release|Any CPU
		{37E37FF4-1F58-48C8-BB74-98E4F088A0BD}.Release|Any CPU.Build.0 = Release|Any CPU
		{37E37FF4-1F58-48C8-BB74-98E4F088A0BD}.Release|x64.ActiveCfg = Release|Any CPU
		{37E37FF4-1F58-48C8-BB74-98E4F088A0BD}.Release|x64.Build.0 = Release|Any CPU
		{37E37FF4-1F58-48C8-BB74-98E4F088A0BD}.Release|x86.ActiveCfg = Release|Any CPU
		{37E37FF4-1F58-48C8-BB74-98E4F088A0BD}.Release|x86.Build.0 = Release|Any CPU
	EndGlobalSection
	GlobalSection(SolutionProperties) = preSolution
		HideSolutionNode = FALSE
	EndGlobalSection
	GlobalSection(NestedProjects) = preSolution
		{8BA7970A-4925-FC47-9DCD-1138F80B1DB4} = {FBF56CC3-7AE6-AD2D-3F14-7F97FD322CD6}
		{38368DDE-90EC-CDAB-0C8B-44D9197FFCDF} = {8BA7970A-4925-FC47-9DCD-1138F80B1DB4}
		{1E7138FC-24B2-4495-97CE-C8C4F4E1D0FC} = {38368DDE-90EC-CDAB-0C8B-44D9197FFCDF}
		{F494BB15-16AD-404F-AD0C-F126D7AFD749} = {0AB3BF05-4346-4AA6-1389-037BE0695223}
		{19B12D86-F1C2-F5A5-CA60-B04D7033524C} = {8BA7970A-4925-FC47-9DCD-1138F80B1DB4}
		{F5D69921-199F-4327-A3B0-EBD548116023} = {19B12D86-F1C2-F5A5-CA60-B04D7033524C}
		{810D63C3-747C-49F6-AE23-8E20E1E8B301} = {0AB3BF05-4346-4AA6-1389-037BE0695223}
		{48627A7F-D3B6-CADE-ED2C-B6F6CAD8F663} = {8BA7970A-4925-FC47-9DCD-1138F80B1DB4}
		{694B6554-E69C-48C3-97F4-CB7E12AC2990} = {48627A7F-D3B6-CADE-ED2C-B6F6CAD8F663}
		{8C261DBF-A79F-404D-8A4C-6E57751AE2D2} = {0AB3BF05-4346-4AA6-1389-037BE0695223}
		{00FEA878-A723-AD25-309E-FBED560469D4} = {FBF56CC3-7AE6-AD2D-3F14-7F97FD322CD6}
		{9A446638-0A5F-4194-9876-0CE58E5789EF} = {00FEA878-A723-AD25-309E-FBED560469D4}
		{50672A5D-0C63-4BF3-9077-6DB1DCAEBD2D} = {0AB3BF05-4346-4AA6-1389-037BE0695223}
		{0A065DDD-0294-698C-5FB0-BA5F41BBB394} = {FBF56CC3-7AE6-AD2D-3F14-7F97FD322CD6}
		{B9051A03-2691-48E8-8F72-7CB997C6C92B} = {0A065DDD-0294-698C-5FB0-BA5F41BBB394}
		{54713D25-749C-42F1-9489-D48BD3822AC5} = {0AB3BF05-4346-4AA6-1389-037BE0695223}
		{54827F1A-54BC-54A6-88FB-17B974C7A0DB} = {FBF56CC3-7AE6-AD2D-3F14-7F97FD322CD6}
		{6CC95F3A-44AB-455E-A52B-B5BE0677B984} = {54827F1A-54BC-54A6-88FB-17B974C7A0DB}
		{FE33A545-DCA2-4578-B087-7961F426B993} = {0AB3BF05-4346-4AA6-1389-037BE0695223}
		{489560D4-A3EB-A88C-0E53-91C0634720BA} = {FBF56CC3-7AE6-AD2D-3F14-7F97FD322CD6}
		{BAA6CBA3-C7C0-4BC3-82A8-2B9AF5D0CEC6} = {489560D4-A3EB-A88C-0E53-91C0634720BA}
		{37E37FF4-1F58-48C8-BB74-98E4F088A0BD} = {0AB3BF05-4346-4AA6-1389-037BE0695223}
	EndGlobalSection
EndGlobal
